// !$*UTF8*$!
{
	archiveVersion = 1;
	classes = {
	};
	objectVersion = 50;
	objects = {

/* Begin PBXBuildFile section */
		5F4393692503D45A00AFCDB4 /* AppDelegate.swift in Sources */ = {isa = PBXBuildFile; fileRef = 5F4393682503D45A00AFCDB4 /* AppDelegate.swift */; };
		5F43936B2503D45A00AFCDB4 /* ContentView.swift in Sources */ = {isa = PBXBuildFile; fileRef = 5F43936A2503D45A00AFCDB4 /* ContentView.swift */; };
		5F43936D2503D45C00AFCDB4 /* Assets.xcassets in Resources */ = {isa = PBXBuildFile; fileRef = 5F43936C2503D45C00AFCDB4 /* Assets.xcassets */; };
		5F4393702503D45C00AFCDB4 /* Preview Assets.xcassets in Resources */ = {isa = PBXBuildFile; fileRef = 5F43936F2503D45C00AFCDB4 /* Preview Assets.xcassets */; };
		5F4393732503D45C00AFCDB4 /* Main.storyboard in Resources */ = {isa = PBXBuildFile; fileRef = 5F4393712503D45C00AFCDB4 /* Main.storyboard */; };
/* End PBXBuildFile section */

/* Begin PBXFileReference section */
		5F4393652503D45A00AFCDB4 /* DefaultMacOSMenuBarApp.app */ = {isa = PBXFileReference; explicitFileType = wrapper.application; includeInIndex = 0; path = DefaultMacOSMenuBarApp.app; sourceTree = BUILT_PRODUCTS_DIR; };
		5F4393682503D45A00AFCDB4 /* AppDelegate.swift */ = {isa = PBXFileReference; lastKnownFileType = sourcecode.swift; path = AppDelegate.swift; sourceTree = "<group>"; };
		5F43936A2503D45A00AFCDB4 /* ContentView.swift */ = {isa = PBXFileReference; lastKnownFileType = sourcecode.swift; path = ContentView.swift; sourceTree = "<group>"; };
		5F43936C2503D45C00AFCDB4 /* Assets.xcassets */ = {isa = PBXFileReference; lastKnownFileType = folder.assetcatalog; path = Assets.xcassets; sourceTree = "<group>"; };
		5F43936F2503D45C00AFCDB4 /* Preview Assets.xcassets */ = {isa = PBXFileReference; lastKnownFileType = folder.assetcatalog; path = "Preview Assets.xcassets"; sourceTree = "<group>"; };
		5F4393722503D45C00AFCDB4 /* Base */ = {isa = PBXFileReference; lastKnownFileType = file.storyboard; name = Base; path = Base.lproj/Main.storyboard; sourceTree = "<group>"; };
		5F4393742503D45C00AFCDB4 /* Info.plist */ = {isa = PBXFileReference; lastKnownFileType = text.plist.xml; path = Info.plist; sourceTree = "<group>"; };
		5F4393752503D45C00AFCDB4 /* DefaultMacOSMenuBarApp.entitlements */ = {isa = PBXFileReference; lastKnownFileType = text.plist.entitlements; path = DefaultMacOSMenuBarApp.entitlements; sourceTree = "<group>"; };
/* End PBXFileReference section */

/* Begin PBXFrameworksBuildPhase section */
		5F4393622503D45A00AFCDB4 /* Frameworks */ = {
			isa = PBXFrameworksBuildPhase;
			buildActionMask = 2147483647;
			files = (
			);
			runOnlyForDeploymentPostprocessing = 0;
		};
/* End PBXFrameworksBuildPhase section */

/* Begin PBXGroup section */
		5F43935C2503D45A00AFCDB4 = {
			isa = PBXGroup;
			children = (
				5F4393672503D45A00AFCDB4 /* DefaultMacOSMenuBarApp */,
				5F4393662503D45A00AFCDB4 /* Products */,
			);
			sourceTree = "<group>";
		};
		5F4393662503D45A00AFCDB4 /* Products */ = {
			isa = PBXGroup;
			children = (
				5F4393652503D45A00AFCDB4 /* DefaultMacOSMenuBarApp.app */,
			);
			name = Products;
			sourceTree = "<group>";
		};
		5F4393672503D45A00AFCDB4 /* DefaultMacOSMenuBarApp */ = {
			isa = PBXGroup;
			children = (
				5F4393682503D45A00AFCDB4 /* AppDelegate.swift */,
				5F43936A2503D45A00AFCDB4 /* ContentView.swift */,
				5F43936C2503D45C00AFCDB4 /* Assets.xcassets */,
				5F4393712503D45C00AFCDB4 /* Main.storyboard */,
				5F4393742503D45C00AFCDB4 /* Info.plist */,
				5F4393752503D45C00AFCDB4 /* DefaultMacOSMenuBarApp.entitlements */,
				5F43936E2503D45C00AFCDB4 /* Preview Content */,
			);
			path = DefaultMacOSMenuBarApp;
			sourceTree = "<group>";
		};
		5F43936E2503D45C00AFCDB4 /* Preview Content */ = {
			isa = PBXGroup;
			children = (
				5F43936F2503D45C00AFCDB4 /* Preview Assets.xcassets */,
			);
			path = "Preview Content";
			sourceTree = "<group>";
		};
/* End PBXGroup section */

/* Begin PBXNativeTarget section */
		5F4393642503D45A00AFCDB4 /* DefaultMacOSMenuBarApp */ = {
			isa = PBXNativeTarget;
			buildConfigurationList = 5F4393782503D45C00AFCDB4 /* Build configuration list for PBXNativeTarget "DefaultMacOSMenuBarApp" */;
			buildPhases = (
				5F4393612503D45A00AFCDB4 /* Sources */,
				5F4393622503D45A00AFCDB4 /* Frameworks */,
				5F4393632503D45A00AFCDB4 /* Resources */,
			);
			buildRules = (
			);
			dependencies = (
			);
			name = DefaultMacOSMenuBarApp;
			productName = DefaultMacOSMenuBarApp;
			productReference = 5F4393652503D45A00AFCDB4 /* DefaultMacOSMenuBarApp.app */;
			productType = "com.apple.product-type.application";
		};
/* End PBXNativeTarget section */

/* Begin PBXProject section */
		5F43935D2503D45A00AFCDB4 /* Project object */ = {
			isa = PBXProject;
			attributes = {
				LastSwiftUpdateCheck = 1170;
				LastUpgradeCheck = 1170;
				ORGANIZATIONNAME = "Yusuf Parak";
				TargetAttributes = {
					5F4393642503D45A00AFCDB4 = {
						CreatedOnToolsVersion = 11.7;
					};
				};
			};
			buildConfigurationList = 5F4393602503D45A00AFCDB4 /* Build configuration list for PBXProject "DefaultMacOSMenuBarApp" */;
			compatibilityVersion = "Xcode 9.3";
			developmentRegion = en;
			hasScannedForEncodings = 0;
			knownRegions = (
				en,
				Base,
			);
			mainGroup = 5F43935C2503D45A00AFCDB4;
			productRefGroup = 5F4393662503D45A00AFCDB4 /* Products */;
			projectDirPath = "";
			projectRoot = "";
			targets = (
				5F4393642503D45A00AFCDB4 /* DefaultMacOSMenuBarApp */,
			);
		};
/* End PBXProject section */

/* Begin PBXResourcesBuildPhase section */
		5F4393632503D45A00AFCDB4 /* Resources */ = {
			isa = PBXResourcesBuildPhase;
			buildActionMask = 2147483647;
			files = (
				5F4393732503D45C00AFCDB4 /* Main.storyboard in Resources */,
				5F4393702503D45C00AFCDB4 /* Preview Assets.xcassets in Resources */,
				5F43936D2503D45C00AFCDB4 /* Assets.xcassets in Resources */,
			);
			runOnlyForDeploymentPostprocessing = 0;
		};
/* End PBXResourcesBuildPhase section */

/* Begin PBXSourcesBuildPhase section */
		5F4393612503D45A00AFCDB4 /* Sources */ = {
			isa = PBXSourcesBuildPhase;
			buildActionMask = 2147483647;
			files = (
				5F43936B2503D45A00AFCDB4 /* ContentView.swift in Sources */,
				5F4393692503D45A00AFCDB4 /* AppDelegate.swift in Sources */,
			);
			runOnlyForDeploymentPostprocessing = 0;
		};
/* End PBXSourcesBuildPhase section */

/* Begin PBXVariantGroup section */
		5F4393712503D45C00AFCDB4 /* Main.storyboard */ = {
			isa = PBXVariantGroup;
			children = (
				5F4393722503D45C00AFCDB4 /* Base */,
			);
			name = Main.storyboard;
			sourceTree = "<group>";
		};
/* End PBXVariantGroup section */

/* Begin XCBuildConfiguration section */
		5F4393762503D45C00AFCDB4 /* Debug */ = {
			isa = XCBuildConfiguration;
			buildSettings = {
				ALWAYS_SEARCH_USER_PATHS = NO;
				CLANG_ANALYZER_NONNULL = YES;
				CLANG_ANALYZER_NUMBER_OBJECT_CONVERSION = YES_AGGRESSIVE;
				CLANG_CXX_LANGUAGE_STANDARD = "gnu++14";
				CLANG_CXX_LIBRARY = "libc++";
				CLANG_ENABLE_MODULES = YES;
				CLANG_ENABLE_OBJC_ARC = YES;
				CLANG_ENABLE_OBJC_WEAK = YES;
				CLANG_WARN_BLOCK_CAPTURE_AUTORELEASING = YES;
				CLANG_WARN_BOOL_CONVERSION = YES;
				CLANG_WARN_COMMA = YES;
				CLANG_WARN_CONSTANT_CONVERSION = YES;
				CLANG_WARN_DEPRECATED_OBJC_IMPLEMENTATIONS = YES;
				CLANG_WARN_DIRECT_OBJC_ISA_USAGE = YES_ERROR;
				CLANG_WARN_DOCUMENTATION_COMMENTS = YES;
				CLANG_WARN_EMPTY_BODY = YES;
				CLANG_WARN_ENUM_CONVERSION = YES;
				CLANG_WARN_INFINITE_RECURSION = YES;
				CLANG_WARN_INT_CONVERSION = YES;
				CLANG_WARN_NON_LITERAL_NULL_CONVERSION = YES;
				CLANG_WARN_OBJC_IMPLICIT_RETAIN_SELF = YES;
				CLANG_WARN_OBJC_LITERAL_CONVERSION = YES;
				CLANG_WARN_OBJC_ROOT_CLASS = YES_ERROR;
				CLANG_WARN_RANGE_LOOP_ANALYSIS = YES;
				CLANG_WARN_STRICT_PROTOTYPES = YES;
				CLANG_WARN_SUSPICIOUS_MOVE = YES;
				CLANG_WARN_UNGUARDED_AVAILABILITY = YES_AGGRESSIVE;
				CLANG_WARN_UNREACHABLE_CODE = YES;
				CLANG_WARN__DUPLICATE_METHOD_MATCH = YES;
				COPY_PHASE_STRIP = NO;
				DEBUG_INFORMATION_FORMAT = dwarf;
				ENABLE_STRICT_OBJC_MSGSEND = YES;
				ENABLE_TESTABILITY = YES;
				GCC_C_LANGUAGE_STANDARD = gnu11;
				GCC_DYNAMIC_NO_PIC = NO;
				GCC_NO_COMMON_BLOCKS = YES;
				GCC_OPTIMIZATION_LEVEL = 0;
				GCC_PREPROCESSOR_DEFINITIONS = (
					"DEBUG=1",
					"$(inherited)",
				);
				GCC_WARN_64_TO_32_BIT_CONVERSION = YES;
				GCC_WARN_ABOUT_RETURN_TYPE = YES_ERROR;
				GCC_WARN_UNDECLARED_SELECTOR = YES;
				GCC_WARN_UNINITIALIZED_AUTOS = YES_AGGRESSIVE;
				GCC_WARN_UNUSED_FUNCTION = YES;
				GCC_WARN_UNUSED_VARIABLE = YES;
				MACOSX_DEPLOYMENT_TARGET = 10.15;
				MTL_ENABLE_DEBUG_INFO = INCLUDE_SOURCE;
				MTL_FAST_MATH = YES;
				ONLY_ACTIVE_ARCH = YES;
				SDKROOT = macosx;
				SWIFT_ACTIVE_COMPILATION_CONDITIONS = DEBUG;
				SWIFT_OPTIMIZATION_LEVEL = "-Onone";
			};
			name = Debug;
		};
		5F4393772503D45C00AFCDB4 /* Release */ = {
			isa = XCBuildConfiguration;
			buildSettings = {
				ALWAYS_SEARCH_USER_PATHS = NO;
				CLANG_ANALYZER_NONNULL = YES;
				CLANG_ANALYZER_NUMBER_OBJECT_CONVERSION = YES_AGGRESSIVE;
				CLANG_CXX_LANGUAGE_STANDARD = "gnu++14";
				CLANG_CXX_LIBRARY = "libc++";
				CLANG_ENABLE_MODULES = YES;
				CLANG_ENABLE_OBJC_ARC = YES;
				CLANG_ENABLE_OBJC_WEAK = YES;
				CLANG_WARN_BLOCK_CAPTURE_AUTORELEASING = YES;
				CLANG_WARN_BOOL_CONVERSION = YES;
				CLANG_WARN_COMMA = YES;
				CLANG_WARN_CONSTANT_CONVERSION = YES;
				CLANG_WARN_DEPRECATED_OBJC_IMPLEMENTATIONS = YES;
				CLANG_WARN_DIRECT_OBJC_ISA_USAGE = YES_ERROR;
				CLANG_WARN_DOCUMENTATION_COMMENTS = YES;
				CLANG_WARN_EMPTY_BODY = YES;
				CLANG_WARN_ENUM_CONVERSION = YES;
				CLANG_WARN_INFINITE_RECURSION = YES;
				CLANG_WARN_INT_CONVERSION = YES;
				CLANG_WARN_NON_LITERAL_NULL_CONVERSION = YES;
				CLANG_WARN_OBJC_IMPLICIT_RETAIN_SELF = YES;
				CLANG_WARN_OBJC_LITERAL_CONVERSION = YES;
				CLANG_WARN_OBJC_ROOT_CLASS = YES_ERROR;
				CLANG_WARN_RANGE_LOOP_ANALYSIS = YES;
				CLANG_WARN_STRICT_PROTOTYPES = YES;
				CLANG_WARN_SUSPICIOUS_MOVE = YES;
				CLANG_WARN_UNGUARDED_AVAILABILITY = YES_AGGRESSIVE;
				CLANG_WARN_UNREACHABLE_CODE = YES;
				CLANG_WARN__DUPLICATE_METHOD_MATCH = YES;
				COPY_PHASE_STRIP = NO;
				DEBUG_INFORMATION_FORMAT = "dwarf-with-dsym";
				ENABLE_NS_ASSERTIONS = NO;
				ENABLE_STRICT_OBJC_MSGSEND = YES;
				GCC_C_LANGUAGE_STANDARD = gnu11;
				GCC_NO_COMMON_BLOCKS = YES;
				GCC_WARN_64_TO_32_BIT_CONVERSION = YES;
				GCC_WARN_ABOUT_RETURN_TYPE = YES_ERROR;
				GCC_WARN_UNDECLARED_SELECTOR = YES;
				GCC_WARN_UNINITIALIZED_AUTOS = YES_AGGRESSIVE;
				GCC_WARN_UNUSED_FUNCTION = YES;
				GCC_WARN_UNUSED_VARIABLE = YES;
				MACOSX_DEPLOYMENT_TARGET = 10.15;
				MTL_ENABLE_DEBUG_INFO = NO;
				MTL_FAST_MATH = YES;
				SDKROOT = macosx;
				SWIFT_COMPILATION_MODE = wholemodule;
				SWIFT_OPTIMIZATION_LEVEL = "-O";
			};
			name = Release;
		};
		5F4393792503D45C00AFCDB4 /* Debug */ = {
			isa = XCBuildConfiguration;
			buildSettings = {
				ASSETCATALOG_COMPILER_APPICON_NAME = AppIcon;
				CODE_SIGN_ENTITLEMENTS = DefaultMacOSMenuBarApp/DefaultMacOSMenuBarApp.entitlements;
				CODE_SIGN_STYLE = Automatic;
				COMBINE_HIDPI_IMAGES = YES;
				DEVELOPMENT_ASSET_PATHS = "\"DefaultMacOSMenuBarApp/Preview Content\"";
				DEVELOPMENT_TEAM = BX9R22Z65X;
				ENABLE_HARDENED_RUNTIME = YES;
				ENABLE_PREVIEWS = YES;
				INFOPLIST_FILE = DefaultMacOSMenuBarApp/Info.plist;
				LD_RUNPATH_SEARCH_PATHS = (
					"$(inherited)",
					"@executable_path/../Frameworks",
				);
				MACOSX_DEPLOYMENT_TARGET = 10.15;
				PRODUCT_BUNDLE_IDENTIFIER = com.ycpso.DefaultMacOSMenuBarApp;
				PRODUCT_NAME = "$(TARGET_NAME)";
				SWIFT_VERSION = 5.0;
			};
			name = Debug;
		};
		5F43937A2503D45C00AFCDB4 /* Release */ = {
			isa = XCBuildConfiguration;
			buildSettings = {
				ASSETCATALOG_COMPILER_APPICON_NAME = AppIcon;
				CODE_SIGN_ENTITLEMENTS = DefaultMacOSMenuBarApp/DefaultMacOSMenuBarApp.entitlements;
				CODE_SIGN_STYLE = Automatic;
				COMBINE_HIDPI_IMAGES = YES;
				DEVELOPMENT_ASSET_PATHS = "\"DefaultMacOSMenuBarApp/Preview Content\"";
				DEVELOPMENT_TEAM = BX9R22Z65X;
				ENABLE_HARDENED_RUNTIME = YES;
				ENABLE_PREVIEWS = YES;
				INFOPLIST_FILE = DefaultMacOSMenuBarApp/Info.plist;
				LD_RUNPATH_SEARCH_PATHS = (
					"$(inherited)",
					"@executable_path/../Frameworks",
				);
				MACOSX_DEPLOYMENT_TARGET = 10.15;
				PRODUCT_BUNDLE_IDENTIFIER = com.ycpso.DefaultMacOSMenuBarApp;
				PRODUCT_NAME = "$(TARGET_NAME)";
				SWIFT_VERSION = 5.0;
			};
			name = Release;
		};
/* End XCBuildConfiguration section */

/* Begin XCConfigurationList section */
		5F4393602503D45A00AFCDB4 /* Build configuration list for PBXProject "DefaultMacOSMenuBarApp" */ = {
			isa = XCConfigurationList;
			buildConfigurations = (
				5F4393762503D45C00AFCDB4 /* Debug */,
				5F4393772503D45C00AFCDB4 /* Release */,
			);
			defaultConfigurationIsVisible = 0;
			defaultConfigurationName = Release;
		};
		5F4393782503D45C00AFCDB4 /* Build configuration list for PBXNativeTarget "DefaultMacOSMenuBarApp" */ = {
			isa = XCConfigurationList;
			buildConfigurations = (
				5F4393792503D45C00AFCDB4 /* Debug */,
				5F43937A2503D45C00AFCDB4 /* Release */,
			);
			defaultConfigurationIsVisible = 0;
			defaultConfigurationName = Release;
		};
/* End XCConfigurationList section */
	};
	rootObject = 5F43935D2503D45A00AFCDB4 /* Project object */;
}
